// !$*UTF8*$!
{
	archiveVersion = 1;
	classes = {
	};
	objectVersion = 50;
	objects = {

/* Begin PBXBuildFile section */
		317D59732711968D00C44FDD /* Prg_6.c in Sources */ = {isa = PBXBuildFile; fileRef = 317D59722711968D00C44FDD /* Prg_6.c */; };
		317D597627119DDB00C44FDD /* Prg_7.c in Sources */ = {isa = PBXBuildFile; fileRef = 317D597527119DDB00C44FDD /* Prg_7.c */; };
		317D59792711A5C900C44FDD /* Prg_8.c in Sources */ = {isa = PBXBuildFile; fileRef = 317D59782711A5C900C44FDD /* Prg_8.c */; };
		317D597C2711AAFB00C44FDD /* Prg_9.c in Sources */ = {isa = PBXBuildFile; fileRef = 317D597B2711AAFB00C44FDD /* Prg_9.c */; };
		317D597F2711B17100C44FDD /* Prg_10.c in Sources */ = {isa = PBXBuildFile; fileRef = 317D597E2711B17100C44FDD /* Prg_10.c */; };
		317D59822711C17900C44FDD /* Prg_11.c in Sources */ = {isa = PBXBuildFile; fileRef = 317D59812711C17900C44FDD /* Prg_11.c */; };
		317D59852711C69D00C44FDD /* Prg_12.c in Sources */ = {isa = PBXBuildFile; fileRef = 317D59842711C69D00C44FDD /* Prg_12.c */; };
		317D59882711C8DE00C44FDD /* Prg_13.c in Sources */ = {isa = PBXBuildFile; fileRef = 317D59872711C8DE00C44FDD /* Prg_13.c */; };
		317D598C2711D14B00C44FDD /* Prg_14.c in Sources */ = {isa = PBXBuildFile; fileRef = 317D598B2711D14B00C44FDD /* Prg_14.c */; };
		317D598F2711D56900C44FDD /* Prg_15.c in Sources */ = {isa = PBXBuildFile; fileRef = 317D598E2711D56900C44FDD /* Prg_15.c */; };
		318DAA77270E959A00D18DAD /* Prg_5.c in Sources */ = {isa = PBXBuildFile; fileRef = 318DAA76270E959A00D18DAD /* Prg_5.c */; };
		3193402C270894CE00DE75EC /* Prg_4.c in Sources */ = {isa = PBXBuildFile; fileRef = 3193402B270894CE00DE75EC /* Prg_4.c */; };
		31CF5C1127072C1B002B0959 /* main.c in Sources */ = {isa = PBXBuildFile; fileRef = 31CF5C1027072C1B002B0959 /* main.c */; };
		31CF5C1927072C48002B0959 /* Prg_1.c in Sources */ = {isa = PBXBuildFile; fileRef = 31CF5C1827072C48002B0959 /* Prg_1.c */; };
		31CF5C1C270730AC002B0959 /* Prg_2.c in Sources */ = {isa = PBXBuildFile; fileRef = 31CF5C1B270730AC002B0959 /* Prg_2.c */; };
		31CF5C2027073638002B0959 /* Prg_3.c in Sources */ = {isa = PBXBuildFile; fileRef = 31CF5C1F27073638002B0959 /* Prg_3.c */; };
/* End PBXBuildFile section */

/* Begin PBXCopyFilesBuildPhase section */
		31CF5C0B27072C1B002B0959 /* CopyFiles */ = {
			isa = PBXCopyFilesBuildPhase;
			buildActionMask = 2147483647;
			dstPath = /usr/share/man/man1/;
			dstSubfolderSpec = 0;
			files = (
			);
			runOnlyForDeploymentPostprocessing = 1;
		};
/* End PBXCopyFilesBuildPhase section */

/* Begin PBXFileReference section */
		317D59712711968D00C44FDD /* Prg_6.h */ = {isa = PBXFileReference; lastKnownFileType = sourcecode.c.h; path = Prg_6.h; sourceTree = "<group>"; };
		317D59722711968D00C44FDD /* Prg_6.c */ = {isa = PBXFileReference; lastKnownFileType = sourcecode.c.c; path = Prg_6.c; sourceTree = "<group>"; };
		317D597427119DDB00C44FDD /* Prg_7.h */ = {isa = PBXFileReference; lastKnownFileType = sourcecode.c.h; path = Prg_7.h; sourceTree = "<group>"; };
		317D597527119DDB00C44FDD /* Prg_7.c */ = {isa = PBXFileReference; lastKnownFileType = sourcecode.c.c; path = Prg_7.c; sourceTree = "<group>"; };
		317D59772711A5C900C44FDD /* Prg_8.h */ = {isa = PBXFileReference; lastKnownFileType = sourcecode.c.h; path = Prg_8.h; sourceTree = "<group>"; };
		317D59782711A5C900C44FDD /* Prg_8.c */ = {isa = PBXFileReference; lastKnownFileType = sourcecode.c.c; path = Prg_8.c; sourceTree = "<group>"; };
		317D597A2711AAFB00C44FDD /* Prg_9.h */ = {isa = PBXFileReference; lastKnownFileType = sourcecode.c.h; path = Prg_9.h; sourceTree = "<group>"; };
		317D597B2711AAFB00C44FDD /* Prg_9.c */ = {isa = PBXFileReference; lastKnownFileType = sourcecode.c.c; path = Prg_9.c; sourceTree = "<group>"; };
		317D597D2711B17100C44FDD /* Prg_10.h */ = {isa = PBXFileReference; lastKnownFileType = sourcecode.c.h; path = Prg_10.h; sourceTree = "<group>"; };
		317D597E2711B17100C44FDD /* Prg_10.c */ = {isa = PBXFileReference; lastKnownFileType = sourcecode.c.c; path = Prg_10.c; sourceTree = "<group>"; };
		317D59802711C17900C44FDD /* Prg_11.h */ = {isa = PBXFileReference; lastKnownFileType = sourcecode.c.h; path = Prg_11.h; sourceTree = "<group>"; };
		317D59812711C17900C44FDD /* Prg_11.c */ = {isa = PBXFileReference; lastKnownFileType = sourcecode.c.c; path = Prg_11.c; sourceTree = "<group>"; };
		317D59832711C69D00C44FDD /* Prg_12.h */ = {isa = PBXFileReference; lastKnownFileType = sourcecode.c.h; path = Prg_12.h; sourceTree = "<group>"; };
		317D59842711C69D00C44FDD /* Prg_12.c */ = {isa = PBXFileReference; lastKnownFileType = sourcecode.c.c; path = Prg_12.c; sourceTree = "<group>"; };
		317D59862711C8DE00C44FDD /* Prg_13.h */ = {isa = PBXFileReference; lastKnownFileType = sourcecode.c.h; path = Prg_13.h; sourceTree = "<group>"; };
		317D59872711C8DE00C44FDD /* Prg_13.c */ = {isa = PBXFileReference; lastKnownFileType = sourcecode.c.c; path = Prg_13.c; sourceTree = "<group>"; };
		317D598A2711D14B00C44FDD /* Prg_14.h */ = {isa = PBXFileReference; lastKnownFileType = sourcecode.c.h; path = Prg_14.h; sourceTree = "<group>"; };
		317D598B2711D14B00C44FDD /* Prg_14.c */ = {isa = PBXFileReference; lastKnownFileType = sourcecode.c.c; path = Prg_14.c; sourceTree = "<group>"; };
		317D598D2711D56900C44FDD /* Prg_15.h */ = {isa = PBXFileReference; lastKnownFileType = sourcecode.c.h; path = Prg_15.h; sourceTree = "<group>"; };
		317D598E2711D56900C44FDD /* Prg_15.c */ = {isa = PBXFileReference; lastKnownFileType = sourcecode.c.c; path = Prg_15.c; sourceTree = "<group>"; };
		318DAA75270E959A00D18DAD /* Prg_5.h */ = {isa = PBXFileReference; lastKnownFileType = sourcecode.c.h; path = Prg_5.h; sourceTree = "<group>"; };
		318DAA76270E959A00D18DAD /* Prg_5.c */ = {isa = PBXFileReference; lastKnownFileType = sourcecode.c.c; path = Prg_5.c; sourceTree = "<group>"; };
		3193402A270894CE00DE75EC /* Prg_4.h */ = {isa = PBXFileReference; lastKnownFileType = sourcecode.c.h; path = Prg_4.h; sourceTree = "<group>"; };
		3193402B270894CE00DE75EC /* Prg_4.c */ = {isa = PBXFileReference; lastKnownFileType = sourcecode.c.c; path = Prg_4.c; sourceTree = "<group>"; };
		31CF5C0D27072C1B002B0959 /* Day_4&5 */ = {isa = PBXFileReference; explicitFileType = "compiled.mach-o.executable"; includeInIndex = 0; path = "Day_4&5"; sourceTree = BUILT_PRODUCTS_DIR; };
		31CF5C1027072C1B002B0959 /* main.c */ = {isa = PBXFileReference; lastKnownFileType = sourcecode.c.c; path = main.c; sourceTree = "<group>"; };
		31CF5C1727072C48002B0959 /* Prg_1.h */ = {isa = PBXFileReference; lastKnownFileType = sourcecode.c.h; path = Prg_1.h; sourceTree = "<group>"; };
		31CF5C1827072C48002B0959 /* Prg_1.c */ = {isa = PBXFileReference; lastKnownFileType = sourcecode.c.c; path = Prg_1.c; sourceTree = "<group>"; };
		31CF5C1A270730AC002B0959 /* Prg_2.h */ = {isa = PBXFileReference; lastKnownFileType = sourcecode.c.h; path = Prg_2.h; sourceTree = "<group>"; };
		31CF5C1B270730AC002B0959 /* Prg_2.c */ = {isa = PBXFileReference; lastKnownFileType = sourcecode.c.c; path = Prg_2.c; sourceTree = "<group>"; };
		31CF5C1E27073638002B0959 /* Prg_3.h */ = {isa = PBXFileReference; lastKnownFileType = sourcecode.c.h; path = Prg_3.h; sourceTree = "<group>"; };
		31CF5C1F27073638002B0959 /* Prg_3.c */ = {isa = PBXFileReference; lastKnownFileType = sourcecode.c.c; path = Prg_3.c; sourceTree = "<group>"; };
/* End PBXFileReference section */

/* Begin PBXFrameworksBuildPhase section */
		31CF5C0A27072C1B002B0959 /* Frameworks */ = {
			isa = PBXFrameworksBuildPhase;
			buildActionMask = 2147483647;
			files = (
			);
			runOnlyForDeploymentPostprocessing = 0;
		};
/* End PBXFrameworksBuildPhase section */

/* Begin PBXGroup section */
		31CF5C0427072C1B002B0959 = {
			isa = PBXGroup;
			children = (
				31CF5C0F27072C1B002B0959 /* Day_4&5 */,
				31CF5C0E27072C1B002B0959 /* Products */,
			);
			sourceTree = "<group>";
		};
		31CF5C0E27072C1B002B0959 /* Products */ = {
			isa = PBXGroup;
			children = (
				31CF5C0D27072C1B002B0959 /* Day_4&5 */,
			);
			name = Products;
			sourceTree = "<group>";
		};
		31CF5C0F27072C1B002B0959 /* Day_4&5 */ = {
			isa = PBXGroup;
			children = (
				31CF5C1027072C1B002B0959 /* main.c */,
				31CF5C1727072C48002B0959 /* Prg_1.h */,
				31CF5C1827072C48002B0959 /* Prg_1.c */,
				31CF5C1A270730AC002B0959 /* Prg_2.h */,
				31CF5C1B270730AC002B0959 /* Prg_2.c */,
				31CF5C1E27073638002B0959 /* Prg_3.h */,
				31CF5C1F27073638002B0959 /* Prg_3.c */,
				3193402A270894CE00DE75EC /* Prg_4.h */,
				3193402B270894CE00DE75EC /* Prg_4.c */,
				318DAA75270E959A00D18DAD /* Prg_5.h */,
				318DAA76270E959A00D18DAD /* Prg_5.c */,
				317D59712711968D00C44FDD /* Prg_6.h */,
				317D59722711968D00C44FDD /* Prg_6.c */,
				317D597427119DDB00C44FDD /* Prg_7.h */,
				317D597527119DDB00C44FDD /* Prg_7.c */,
				317D59772711A5C900C44FDD /* Prg_8.h */,
				317D59782711A5C900C44FDD /* Prg_8.c */,
				317D597A2711AAFB00C44FDD /* Prg_9.h */,
				317D597B2711AAFB00C44FDD /* Prg_9.c */,
				317D597D2711B17100C44FDD /* Prg_10.h */,
				317D597E2711B17100C44FDD /* Prg_10.c */,
				317D59802711C17900C44FDD /* Prg_11.h */,
				317D59812711C17900C44FDD /* Prg_11.c */,
				317D59832711C69D00C44FDD /* Prg_12.h */,
				317D59842711C69D00C44FDD /* Prg_12.c */,
				317D59862711C8DE00C44FDD /* Prg_13.h */,
				317D59872711C8DE00C44FDD /* Prg_13.c */,
				317D598A2711D14B00C44FDD /* Prg_14.h */,
				317D598B2711D14B00C44FDD /* Prg_14.c */,
				317D598D2711D56900C44FDD /* Prg_15.h */,
				317D598E2711D56900C44FDD /* Prg_15.c */,
			);
			path = "Day_4&5";
			sourceTree = "<group>";
		};
/* End PBXGroup section */

/* Begin PBXNativeTarget section */
		31CF5C0C27072C1B002B0959 /* Day_4&5 */ = {
			isa = PBXNativeTarget;
			buildConfigurationList = 31CF5C1427072C1B002B0959 /* Build configuration list for PBXNativeTarget "Day_4&5" */;
			buildPhases = (
				31CF5C0927072C1B002B0959 /* Sources */,
				31CF5C0A27072C1B002B0959 /* Frameworks */,
				31CF5C0B27072C1B002B0959 /* CopyFiles */,
			);
			buildRules = (
			);
			dependencies = (
			);
			name = "Day_4&5";
			productName = "Day_4&5";
			productReference = 31CF5C0D27072C1B002B0959 /* Day_4&5 */;
			productType = "com.apple.product-type.tool";
		};
/* End PBXNativeTarget section */

/* Begin PBXProject section */
		31CF5C0527072C1B002B0959 /* Project object */ = {
			isa = PBXProject;
			attributes = {
				LastUpgradeCheck = 1250;
				TargetAttributes = {
					31CF5C0C27072C1B002B0959 = {
						CreatedOnToolsVersion = 12.5.1;
					};
				};
			};
			buildConfigurationList = 31CF5C0827072C1B002B0959 /* Build configuration list for PBXProject "Day_4&5" */;
			compatibilityVersion = "Xcode 9.3";
			developmentRegion = en;
			hasScannedForEncodings = 0;
			knownRegions = (
				en,
				Base,
			);
			mainGroup = 31CF5C0427072C1B002B0959;
			productRefGroup = 31CF5C0E27072C1B002B0959 /* Products */;
			projectDirPath = "";
			projectRoot = "";
			targets = (
				31CF5C0C27072C1B002B0959 /* Day_4&5 */,
			);
		};
/* End PBXProject section */

/* Begin PBXSourcesBuildPhase section */
		31CF5C0927072C1B002B0959 /* Sources */ = {
			isa = PBXSourcesBuildPhase;
			buildActionMask = 2147483647;
			files = (
				317D59732711968D00C44FDD /* Prg_6.c in Sources */,
				3193402C270894CE00DE75EC /* Prg_4.c in Sources */,
				31CF5C1C270730AC002B0959 /* Prg_2.c in Sources */,
				317D59822711C17900C44FDD /* Prg_11.c in Sources */,
				317D59852711C69D00C44FDD /* Prg_12.c in Sources */,
				317D59882711C8DE00C44FDD /* Prg_13.c in Sources */,
				317D598C2711D14B00C44FDD /* Prg_14.c in Sources */,
				317D598F2711D56900C44FDD /* Prg_15.c in Sources */,
				31CF5C1127072C1B002B0959 /* main.c in Sources */,
				318DAA77270E959A00D18DAD /* Prg_5.c in Sources */,
				317D597C2711AAFB00C44FDD /* Prg_9.c in Sources */,
				317D597F2711B17100C44FDD /* Prg_10.c in Sources */,
				31CF5C1927072C48002B0959 /* Prg_1.c in Sources */,
				317D59792711A5C900C44FDD /* Prg_8.c in Sources */,
				31CF5C2027073638002B0959 /* Prg_3.c in Sources */,
				317D597627119DDB00C44FDD /* Prg_7.c in Sources */,
			);
			runOnlyForDeploymentPostprocessing = 0;
		};
/* End PBXSourcesBuildPhase section */

/* Begin XCBuildConfiguration section */
		31CF5C1227072C1B002B0959 /* Debug */ = {
			isa = XCBuildConfiguration;
			buildSettings = {
				ALWAYS_SEARCH_USER_PATHS = NO;
				CLANG_ANALYZER_NONNULL = YES;
				CLANG_ANALYZER_NUMBER_OBJECT_CONVERSION = YES_AGGRESSIVE;
				CLANG_CXX_LANGUAGE_STANDARD = "gnu++14";
				CLANG_CXX_LIBRARY = "libc++";
				CLANG_ENABLE_MODULES = YES;
				CLANG_ENABLE_OBJC_ARC = YES;
				CLANG_ENABLE_OBJC_WEAK = YES;
				CLANG_WARN_BLOCK_CAPTURE_AUTORELEASING = YES;
				CLANG_WARN_BOOL_CONVERSION = YES;
				CLANG_WARN_COMMA = YES;
				CLANG_WARN_CONSTANT_CONVERSION = YES;
				CLANG_WARN_DEPRECATED_OBJC_IMPLEMENTATIONS = YES;
				CLANG_WARN_DIRECT_OBJC_ISA_USAGE = YES_ERROR;
				CLANG_WARN_DOCUMENTATION_COMMENTS = YES;
				CLANG_WARN_EMPTY_BODY = YES;
				CLANG_WARN_ENUM_CONVERSION = YES;
				CLANG_WARN_INFINITE_RECURSION = YES;
				CLANG_WARN_INT_CONVERSION = YES;
				CLANG_WARN_NON_LITERAL_NULL_CONVERSION = YES;
				CLANG_WARN_OBJC_IMPLICIT_RETAIN_SELF = YES;
				CLANG_WARN_OBJC_LITERAL_CONVERSION = YES;
				CLANG_WARN_OBJC_ROOT_CLASS = YES_ERROR;
				CLANG_WARN_QUOTED_INCLUDE_IN_FRAMEWORK_HEADER = YES;
				CLANG_WARN_RANGE_LOOP_ANALYSIS = YES;
				CLANG_WARN_STRICT_PROTOTYPES = YES;
				CLANG_WARN_SUSPICIOUS_MOVE = YES;
				CLANG_WARN_UNGUARDED_AVAILABILITY = YES_AGGRESSIVE;
				CLANG_WARN_UNREACHABLE_CODE = YES;
				CLANG_WARN__DUPLICATE_METHOD_MATCH = YES;
				COPY_PHASE_STRIP = NO;
				DEBUG_INFORMATION_FORMAT = dwarf;
				ENABLE_STRICT_OBJC_MSGSEND = YES;
				ENABLE_TESTABILITY = YES;
				GCC_C_LANGUAGE_STANDARD = gnu11;
				GCC_DYNAMIC_NO_PIC = NO;
				GCC_NO_COMMON_BLOCKS = YES;
				GCC_OPTIMIZATION_LEVEL = 0;
				GCC_PREPROCESSOR_DEFINITIONS = (
					"DEBUG=1",
					"$(inherited)",
				);
				GCC_WARN_64_TO_32_BIT_CONVERSION = YES;
				GCC_WARN_ABOUT_RETURN_TYPE = YES_ERROR;
				GCC_WARN_UNDECLARED_SELECTOR = YES;
				GCC_WARN_UNINITIALIZED_AUTOS = YES_AGGRESSIVE;
				GCC_WARN_UNUSED_FUNCTION = YES;
				GCC_WARN_UNUSED_VARIABLE = YES;
				MACOSX_DEPLOYMENT_TARGET = 11.3;
				MTL_ENABLE_DEBUG_INFO = INCLUDE_SOURCE;
				MTL_FAST_MATH = YES;
				ONLY_ACTIVE_ARCH = YES;
				SDKROOT = macosx;
			};
			name = Debug;
		};
		31CF5C1327072C1B002B0959 /* Release */ = {
			isa = XCBuildConfiguration;
			buildSettings = {
				ALWAYS_SEARCH_USER_PATHS = NO;
				CLANG_ANALYZER_NONNULL = YES;
				CLANG_ANALYZER_NUMBER_OBJECT_CONVERSION = YES_AGGRESSIVE;
				CLANG_CXX_LANGUAGE_STANDARD = "gnu++14";
				CLANG_CXX_LIBRARY = "libc++";
				CLANG_ENABLE_MODULES = YES;
				CLANG_ENABLE_OBJC_ARC = YES;
				CLANG_ENABLE_OBJC_WEAK = YES;
				CLANG_WARN_BLOCK_CAPTURE_AUTORELEASING = YES;
				CLANG_WARN_BOOL_CONVERSION = YES;
				CLANG_WARN_COMMA = YES;
				CLANG_WARN_CONSTANT_CONVERSION = YES;
				CLANG_WARN_DEPRECATED_OBJC_IMPLEMENTATIONS = YES;
				CLANG_WARN_DIRECT_OBJC_ISA_USAGE = YES_ERROR;
				CLANG_WARN_DOCUMENTATION_COMMENTS = YES;
				CLANG_WARN_EMPTY_BODY = YES;
				CLANG_WARN_ENUM_CONVERSION = YES;
				CLANG_WARN_INFINITE_RECURSION = YES;
				CLANG_WARN_INT_CONVERSION = YES;
				CLANG_WARN_NON_LITERAL_NULL_CONVERSION = YES;
				CLANG_WARN_OBJC_IMPLICIT_RETAIN_SELF = YES;
				CLANG_WARN_OBJC_LITERAL_CONVERSION = YES;
				CLANG_WARN_OBJC_ROOT_CLASS = YES_ERROR;
				CLANG_WARN_QUOTED_INCLUDE_IN_FRAMEWORK_HEADER = YES;
				CLANG_WARN_RANGE_LOOP_ANALYSIS = YES;
				CLANG_WARN_STRICT_PROTOTYPES = YES;
				CLANG_WARN_SUSPICIOUS_MOVE = YES;
				CLANG_WARN_UNGUARDED_AVAILABILITY = YES_AGGRESSIVE;
				CLANG_WARN_UNREACHABLE_CODE = YES;
				CLANG_WARN__DUPLICATE_METHOD_MATCH = YES;
				COPY_PHASE_STRIP = NO;
				DEBUG_INFORMATION_FORMAT = "dwarf-with-dsym";
				ENABLE_NS_ASSERTIONS = NO;
				ENABLE_STRICT_OBJC_MSGSEND = YES;
				GCC_C_LANGUAGE_STANDARD = gnu11;
				GCC_NO_COMMON_BLOCKS = YES;
				GCC_WARN_64_TO_32_BIT_CONVERSION = YES;
				GCC_WARN_ABOUT_RETURN_TYPE = YES_ERROR;
				GCC_WARN_UNDECLARED_SELECTOR = YES;
				GCC_WARN_UNINITIALIZED_AUTOS = YES_AGGRESSIVE;
				GCC_WARN_UNUSED_FUNCTION = YES;
				GCC_WARN_UNUSED_VARIABLE = YES;
				MACOSX_DEPLOYMENT_TARGET = 11.3;
				MTL_ENABLE_DEBUG_INFO = NO;
				MTL_FAST_MATH = YES;
				SDKROOT = macosx;
			};
			name = Release;
		};
		31CF5C1527072C1B002B0959 /* Debug */ = {
			isa = XCBuildConfiguration;
			buildSettings = {
				CODE_SIGN_STYLE = Automatic;
				PRODUCT_NAME = "$(TARGET_NAME)";
			};
			name = Debug;
		};
		31CF5C1627072C1B002B0959 /* Release */ = {
			isa = XCBuildConfiguration;
			buildSettings = {
				CODE_SIGN_STYLE = Automatic;
				PRODUCT_NAME = "$(TARGET_NAME)";
			};
			name = Release;
		};
/* End XCBuildConfiguration section */

/* Begin XCConfigurationList section */
		31CF5C0827072C1B002B0959 /* Build configuration list for PBXProject "Day_4&5" */ = {
			isa = XCConfigurationList;
			buildConfigurations = (
				31CF5C1227072C1B002B0959 /* Debug */,
				31CF5C1327072C1B002B0959 /* Release */,
			);
			defaultConfigurationIsVisible = 0;
			defaultConfigurationName = Release;
		};
		31CF5C1427072C1B002B0959 /* Build configuration list for PBXNativeTarget "Day_4&5" */ = {
			isa = XCConfigurationList;
			buildConfigurations = (
				31CF5C1527072C1B002B0959 /* Debug */,
				31CF5C1627072C1B002B0959 /* Release */,
			);
			defaultConfigurationIsVisible = 0;
			defaultConfigurationName = Release;
		};
/* End XCConfigurationList section */
	};
	rootObject = 31CF5C0527072C1B002B0959 /* Project object */;
}
